{
  "object": {
    "pins": [
      {
        "package": "Swift-CAN",
        "repositoryURL": "https://github.com/Automotive-Swift/Swift-CAN",
        "state": {
          "branch": "master",
          "revision": "5ade8df1a9f352bda038c8f4a270f8216dc2e2cf",
          "version": null
        }
      },
      {
        "package": "Swift-SocketCAN",
        "repositoryURL": "https://github.com/Automotive-Swift/Swift-SocketCAN",
        "state": {
          "branch": "master",
          "revision": "2414b06ecb5b8015a9d3f699c70dad436a1f11d1",
          "version": null
        }
      }
    ]
  },
  "version": 1
}
